// !$*UTF8*$!
{
	archiveVersion = 1;
	classes = {
	};
	objectVersion = 56;
	objects = {

/* Begin PBXBuildFile section */
		537E52172C2E90BD00B8F12A /* NetworkLayerApp.swift in Sources */ = {isa = PBXBuildFile; fileRef = 537E52162C2E90BD00B8F12A /* NetworkLayerApp.swift */; };
		537E52192C2E90BD00B8F12A /* ContentView.swift in Sources */ = {isa = PBXBuildFile; fileRef = 537E52182C2E90BD00B8F12A /* ContentView.swift */; };
		537E521B2C2E90C000B8F12A /* Assets.xcassets in Resources */ = {isa = PBXBuildFile; fileRef = 537E521A2C2E90C000B8F12A /* Assets.xcassets */; };
		537E521E2C2E90C000B8F12A /* Preview Assets.xcassets in Resources */ = {isa = PBXBuildFile; fileRef = 537E521D2C2E90C000B8F12A /* Preview Assets.xcassets */; };
		537E52282C2E926800B8F12A /* NetworkError.swift in Sources */ = {isa = PBXBuildFile; fileRef = 537E52272C2E926800B8F12A /* NetworkError.swift */; };
		537E522A2C2E931300B8F12A /* NetworkRequest.swift in Sources */ = {isa = PBXBuildFile; fileRef = 537E52292C2E931300B8F12A /* NetworkRequest.swift */; };
		537E522C2C2E940A00B8F12A /* NetworkRequest+Ext.swift in Sources */ = {isa = PBXBuildFile; fileRef = 537E522B2C2E940A00B8F12A /* NetworkRequest+Ext.swift */; };
		537E522E2C2E96BD00B8F12A /* HTTPResponse+Ext.swift in Sources */ = {isa = PBXBuildFile; fileRef = 537E522D2C2E96BD00B8F12A /* HTTPResponse+Ext.swift */; };
		537E52302C2E972900B8F12A /* NetworkEngine+Ext.swift in Sources */ = {isa = PBXBuildFile; fileRef = 537E522F2C2E972900B8F12A /* NetworkEngine+Ext.swift */; };
		537E52332C2E9AA400B8F12A /* PostService.swift in Sources */ = {isa = PBXBuildFile; fileRef = 537E52322C2E9AA400B8F12A /* PostService.swift */; };
/* End PBXBuildFile section */

/* Begin PBXFileReference section */
		537E52132C2E90BD00B8F12A /* NetworkLayer.app */ = {isa = PBXFileReference; explicitFileType = wrapper.application; includeInIndex = 0; path = NetworkLayer.app; sourceTree = BUILT_PRODUCTS_DIR; };
		537E52162C2E90BD00B8F12A /* NetworkLayerApp.swift */ = {isa = PBXFileReference; lastKnownFileType = sourcecode.swift; path = NetworkLayerApp.swift; sourceTree = "<group>"; };
		537E52182C2E90BD00B8F12A /* ContentView.swift */ = {isa = PBXFileReference; lastKnownFileType = sourcecode.swift; path = ContentView.swift; sourceTree = "<group>"; };
		537E521A2C2E90C000B8F12A /* Assets.xcassets */ = {isa = PBXFileReference; lastKnownFileType = folder.assetcatalog; path = Assets.xcassets; sourceTree = "<group>"; };
		537E521D2C2E90C000B8F12A /* Preview Assets.xcassets */ = {isa = PBXFileReference; lastKnownFileType = folder.assetcatalog; path = "Preview Assets.xcassets"; sourceTree = "<group>"; };
		537E52272C2E926800B8F12A /* NetworkError.swift */ = {isa = PBXFileReference; lastKnownFileType = sourcecode.swift; path = NetworkError.swift; sourceTree = "<group>"; };
		537E52292C2E931300B8F12A /* NetworkRequest.swift */ = {isa = PBXFileReference; lastKnownFileType = sourcecode.swift; path = NetworkRequest.swift; sourceTree = "<group>"; };
		537E522B2C2E940A00B8F12A /* NetworkRequest+Ext.swift */ = {isa = PBXFileReference; lastKnownFileType = sourcecode.swift; path = "NetworkRequest+Ext.swift"; sourceTree = "<group>"; };
		537E522D2C2E96BD00B8F12A /* HTTPResponse+Ext.swift */ = {isa = PBXFileReference; lastKnownFileType = sourcecode.swift; path = "HTTPResponse+Ext.swift"; sourceTree = "<group>"; };
		537E522F2C2E972900B8F12A /* NetworkEngine+Ext.swift */ = {isa = PBXFileReference; lastKnownFileType = sourcecode.swift; path = "NetworkEngine+Ext.swift"; sourceTree = "<group>"; };
		537E52322C2E9AA400B8F12A /* PostService.swift */ = {isa = PBXFileReference; lastKnownFileType = sourcecode.swift; path = PostService.swift; sourceTree = "<group>"; };
/* End PBXFileReference section */

/* Begin PBXFrameworksBuildPhase section */
		537E52102C2E90BD00B8F12A /* Frameworks */ = {
			isa = PBXFrameworksBuildPhase;
			buildActionMask = 2147483647;
			files = (
			);
			runOnlyForDeploymentPostprocessing = 0;
		};
/* End PBXFrameworksBuildPhase section */

/* Begin PBXGroup section */
		537E520A2C2E90BD00B8F12A = {
			isa = PBXGroup;
			children = (
				537E52152C2E90BD00B8F12A /* NetworkLayer */,
				537E52142C2E90BD00B8F12A /* Products */,
			);
			sourceTree = "<group>";
		};
		537E52142C2E90BD00B8F12A /* Products */ = {
			isa = PBXGroup;
			children = (
				537E52132C2E90BD00B8F12A /* NetworkLayer.app */,
			);
			name = Products;
			sourceTree = "<group>";
		};
		537E52152C2E90BD00B8F12A /* NetworkLayer */ = {
			isa = PBXGroup;
			children = (
				537E52312C2E9A9500B8F12A /* Services */,
				537E52262C2E921800B8F12A /* Networking */,
				537E52242C2E914E00B8F12A /* App */,
				537E52252C2E915500B8F12A /* Resources */,
				537E521C2C2E90C000B8F12A /* Preview Content */,
			);
			path = NetworkLayer;
			sourceTree = "<group>";
		};
		537E521C2C2E90C000B8F12A /* Preview Content */ = {
			isa = PBXGroup;
			children = (
				537E521D2C2E90C000B8F12A /* Preview Assets.xcassets */,
			);
			path = "Preview Content";
			sourceTree = "<group>";
		};
		537E52242C2E914E00B8F12A /* App */ = {
			isa = PBXGroup;
			children = (
				537E52162C2E90BD00B8F12A /* NetworkLayerApp.swift */,
				537E52182C2E90BD00B8F12A /* ContentView.swift */,
			);
			path = App;
			sourceTree = "<group>";
		};
		537E52252C2E915500B8F12A /* Resources */ = {
			isa = PBXGroup;
			children = (
				537E521A2C2E90C000B8F12A /* Assets.xcassets */,
			);
			path = Resources;
			sourceTree = "<group>";
		};
		537E52262C2E921800B8F12A /* Networking */ = {
			isa = PBXGroup;
			children = (
				537E52272C2E926800B8F12A /* NetworkError.swift */,
				537E52292C2E931300B8F12A /* NetworkRequest.swift */,
				537E522B2C2E940A00B8F12A /* NetworkRequest+Ext.swift */,
				537E522D2C2E96BD00B8F12A /* HTTPResponse+Ext.swift */,
				537E522F2C2E972900B8F12A /* NetworkEngine+Ext.swift */,
			);
			path = Networking;
			sourceTree = "<group>";
		};
		537E52312C2E9A9500B8F12A /* Services */ = {
			isa = PBXGroup;
			children = (
				537E52322C2E9AA400B8F12A /* PostService.swift */,
			);
			path = Services;
			sourceTree = "<group>";
		};
/* End PBXGroup section */

/* Begin PBXNativeTarget section */
		537E52122C2E90BD00B8F12A /* NetworkLayer */ = {
			isa = PBXNativeTarget;
			buildConfigurationList = 537E52212C2E90C000B8F12A /* Build configuration list for PBXNativeTarget "NetworkLayer" */;
			buildPhases = (
				537E520F2C2E90BD00B8F12A /* Sources */,
				537E52102C2E90BD00B8F12A /* Frameworks */,
				537E52112C2E90BD00B8F12A /* Resources */,
			);
			buildRules = (
			);
			dependencies = (
			);
			name = NetworkLayer;
			productName = NetworkLayer;
			productReference = 537E52132C2E90BD00B8F12A /* NetworkLayer.app */;
			productType = "com.apple.product-type.application";
		};
/* End PBXNativeTarget section */

/* Begin PBXProject section */
		537E520B2C2E90BD00B8F12A /* Project object */ = {
			isa = PBXProject;
			attributes = {
				BuildIndependentTargetsInParallel = 1;
				LastSwiftUpdateCheck = 1540;
				LastUpgradeCheck = 1540;
				TargetAttributes = {
					537E52122C2E90BD00B8F12A = {
						CreatedOnToolsVersion = 15.4;
					};
				};
			};
			buildConfigurationList = 537E520E2C2E90BD00B8F12A /* Build configuration list for PBXProject "NetworkLayer" */;
			compatibilityVersion = "Xcode 14.0";
			developmentRegion = en;
			hasScannedForEncodings = 0;
			knownRegions = (
				en,
				Base,
			);
			mainGroup = 537E520A2C2E90BD00B8F12A;
			productRefGroup = 537E52142C2E90BD00B8F12A /* Products */;
			projectDirPath = "";
			projectRoot = "";
			targets = (
				537E52122C2E90BD00B8F12A /* NetworkLayer */,
			);
		};
/* End PBXProject section */

/* Begin PBXResourcesBuildPhase section */
		537E52112C2E90BD00B8F12A /* Resources */ = {
			isa = PBXResourcesBuildPhase;
			buildActionMask = 2147483647;
			files = (
				537E521E2C2E90C000B8F12A /* Preview Assets.xcassets in Resources */,
				537E521B2C2E90C000B8F12A /* Assets.xcassets in Resources */,
			);
			runOnlyForDeploymentPostprocessing = 0;
		};
/* End PBXResourcesBuildPhase section */

/* Begin PBXSourcesBuildPhase section */
		537E520F2C2E90BD00B8F12A /* Sources */ = {
			isa = PBXSourcesBuildPhase;
			buildActionMask = 2147483647;
			files = (
				537E522E2C2E96BD00B8F12A /* HTTPResponse+Ext.swift in Sources */,
				537E52282C2E926800B8F12A /* NetworkError.swift in Sources */,
				537E52192C2E90BD00B8F12A /* ContentView.swift in Sources */,
				537E52332C2E9AA400B8F12A /* PostService.swift in Sources */,
				537E522A2C2E931300B8F12A /* NetworkRequest.swift in Sources */,
				537E52302C2E972900B8F12A /* NetworkEngine+Ext.swift in Sources */,
				537E52172C2E90BD00B8F12A /* NetworkLayerApp.swift in Sources */,
				537E522C2C2E940A00B8F12A /* NetworkRequest+Ext.swift in Sources */,
			);
			runOnlyForDeploymentPostprocessing = 0;
		};
/* End PBXSourcesBuildPhase section */

/* Begin XCBuildConfiguration section */
		537E521F2C2E90C000B8F12A /* Debug */ = {
			isa = XCBuildConfiguration;
			buildSettings = {
				ALWAYS_SEARCH_USER_PATHS = NO;
				ASSETCATALOG_COMPILER_GENERATE_SWIFT_ASSET_SYMBOL_EXTENSIONS = YES;
				CLANG_ANALYZER_NONNULL = YES;
				CLANG_ANALYZER_NUMBER_OBJECT_CONVERSION = YES_AGGRESSIVE;
				CLANG_CXX_LANGUAGE_STANDARD = "gnu++20";
				CLANG_ENABLE_MODULES = YES;
				CLANG_ENABLE_OBJC_ARC = YES;
				CLANG_ENABLE_OBJC_WEAK = YES;
				CLANG_WARN_BLOCK_CAPTURE_AUTORELEASING = YES;
				CLANG_WARN_BOOL_CONVERSION = YES;
				CLANG_WARN_COMMA = YES;
				CLANG_WARN_CONSTANT_CONVERSION = YES;
				CLANG_WARN_DEPRECATED_OBJC_IMPLEMENTATIONS = YES;
				CLANG_WARN_DIRECT_OBJC_ISA_USAGE = YES_ERROR;
				CLANG_WARN_DOCUMENTATION_COMMENTS = YES;
				CLANG_WARN_EMPTY_BODY = YES;
				CLANG_WARN_ENUM_CONVERSION = YES;
				CLANG_WARN_INFINITE_RECURSION = YES;
				CLANG_WARN_INT_CONVERSION = YES;
				CLANG_WARN_NON_LITERAL_NULL_CONVERSION = YES;
				CLANG_WARN_OBJC_IMPLICIT_RETAIN_SELF = YES;
				CLANG_WARN_OBJC_LITERAL_CONVERSION = YES;
				CLANG_WARN_OBJC_ROOT_CLASS = YES_ERROR;
				CLANG_WARN_QUOTED_INCLUDE_IN_FRAMEWORK_HEADER = YES;
				CLANG_WARN_RANGE_LOOP_ANALYSIS = YES;
				CLANG_WARN_STRICT_PROTOTYPES = YES;
				CLANG_WARN_SUSPICIOUS_MOVE = YES;
				CLANG_WARN_UNGUARDED_AVAILABILITY = YES_AGGRESSIVE;
				CLANG_WARN_UNREACHABLE_CODE = YES;
				CLANG_WARN__DUPLICATE_METHOD_MATCH = YES;
				COPY_PHASE_STRIP = NO;
				DEBUG_INFORMATION_FORMAT = dwarf;
				ENABLE_STRICT_OBJC_MSGSEND = YES;
				ENABLE_TESTABILITY = YES;
				ENABLE_USER_SCRIPT_SANDBOXING = YES;
				GCC_C_LANGUAGE_STANDARD = gnu17;
				GCC_DYNAMIC_NO_PIC = NO;
				GCC_NO_COMMON_BLOCKS = YES;
				GCC_OPTIMIZATION_LEVEL = 0;
				GCC_PREPROCESSOR_DEFINITIONS = (
					"DEBUG=1",
					"$(inherited)",
				);
				GCC_WARN_64_TO_32_BIT_CONVERSION = YES;
				GCC_WARN_ABOUT_RETURN_TYPE = YES_ERROR;
				GCC_WARN_UNDECLARED_SELECTOR = YES;
				GCC_WARN_UNINITIALIZED_AUTOS = YES_AGGRESSIVE;
				GCC_WARN_UNUSED_FUNCTION = YES;
				GCC_WARN_UNUSED_VARIABLE = YES;
				IPHONEOS_DEPLOYMENT_TARGET = 17.5;
				LOCALIZATION_PREFERS_STRING_CATALOGS = YES;
				MTL_ENABLE_DEBUG_INFO = INCLUDE_SOURCE;
				MTL_FAST_MATH = YES;
				ONLY_ACTIVE_ARCH = YES;
				SDKROOT = iphoneos;
				SWIFT_ACTIVE_COMPILATION_CONDITIONS = "DEBUG $(inherited)";
				SWIFT_OPTIMIZATION_LEVEL = "-Onone";
			};
			name = Debug;
		};
		537E52202C2E90C000B8F12A /* Release */ = {
			isa = XCBuildConfiguration;
			buildSettings = {
				ALWAYS_SEARCH_USER_PATHS = NO;
				ASSETCATALOG_COMPILER_GENERATE_SWIFT_ASSET_SYMBOL_EXTENSIONS = YES;
				CLANG_ANALYZER_NONNULL = YES;
				CLANG_ANALYZER_NUMBER_OBJECT_CONVERSION = YES_AGGRESSIVE;
				CLANG_CXX_LANGUAGE_STANDARD = "gnu++20";
				CLANG_ENABLE_MODULES = YES;
				CLANG_ENABLE_OBJC_ARC = YES;
				CLANG_ENABLE_OBJC_WEAK = YES;
				CLANG_WARN_BLOCK_CAPTURE_AUTORELEASING = YES;
				CLANG_WARN_BOOL_CONVERSION = YES;
				CLANG_WARN_COMMA = YES;
				CLANG_WARN_CONSTANT_CONVERSION = YES;
				CLANG_WARN_DEPRECATED_OBJC_IMPLEMENTATIONS = YES;
				CLANG_WARN_DIRECT_OBJC_ISA_USAGE = YES_ERROR;
				CLANG_WARN_DOCUMENTATION_COMMENTS = YES;
				CLANG_WARN_EMPTY_BODY = YES;
				CLANG_WARN_ENUM_CONVERSION = YES;
				CLANG_WARN_INFINITE_RECURSION = YES;
				CLANG_WARN_INT_CONVERSION = YES;
				CLANG_WARN_NON_LITERAL_NULL_CONVERSION = YES;
				CLANG_WARN_OBJC_IMPLICIT_RETAIN_SELF = YES;
				CLANG_WARN_OBJC_LITERAL_CONVERSION = YES;
				CLANG_WARN_OBJC_ROOT_CLASS = YES_ERROR;
				CLANG_WARN_QUOTED_INCLUDE_IN_FRAMEWORK_HEADER = YES;
				CLANG_WARN_RANGE_LOOP_ANALYSIS = YES;
				CLANG_WARN_STRICT_PROTOTYPES = YES;
				CLANG_WARN_SUSPICIOUS_MOVE = YES;
				CLANG_WARN_UNGUARDED_AVAILABILITY = YES_AGGRESSIVE;
				CLANG_WARN_UNREACHABLE_CODE = YES;
				CLANG_WARN__DUPLICATE_METHOD_MATCH = YES;
				COPY_PHASE_STRIP = NO;
				DEBUG_INFORMATION_FORMAT = "dwarf-with-dsym";
				ENABLE_NS_ASSERTIONS = NO;
				ENABLE_STRICT_OBJC_MSGSEND = YES;
				ENABLE_USER_SCRIPT_SANDBOXING = YES;
				GCC_C_LANGUAGE_STANDARD = gnu17;
				GCC_NO_COMMON_BLOCKS = YES;
				GCC_WARN_64_TO_32_BIT_CONVERSION = YES;
				GCC_WARN_ABOUT_RETURN_TYPE = YES_ERROR;
				GCC_WARN_UNDECLARED_SELECTOR = YES;
				GCC_WARN_UNINITIALIZED_AUTOS = YES_AGGRESSIVE;
				GCC_WARN_UNUSED_FUNCTION = YES;
				GCC_WARN_UNUSED_VARIABLE = YES;
				IPHONEOS_DEPLOYMENT_TARGET = 17.5;
				LOCALIZATION_PREFERS_STRING_CATALOGS = YES;
				MTL_ENABLE_DEBUG_INFO = NO;
				MTL_FAST_MATH = YES;
				SDKROOT = iphoneos;
				SWIFT_COMPILATION_MODE = wholemodule;
				VALIDATE_PRODUCT = YES;
			};
			name = Release;
		};
		537E52222C2E90C000B8F12A /* Debug */ = {
			isa = XCBuildConfiguration;
			buildSettings = {
				ASSETCATALOG_COMPILER_APPICON_NAME = AppIcon;
				ASSETCATALOG_COMPILER_GLOBAL_ACCENT_COLOR_NAME = AccentColor;
				CODE_SIGN_STYLE = Automatic;
				CURRENT_PROJECT_VERSION = 1;
				DEVELOPMENT_ASSET_PATHS = "\"NetworkLayer/Preview Content\"";
				DEVELOPMENT_TEAM = EJGCGKY84H;
				ENABLE_PREVIEWS = YES;
				GENERATE_INFOPLIST_FILE = YES;
				INFOPLIST_KEY_UIApplicationSceneManifest_Generation = YES;
				INFOPLIST_KEY_UIApplicationSupportsIndirectInputEvents = YES;
				INFOPLIST_KEY_UILaunchScreen_Generation = YES;
				INFOPLIST_KEY_UISupportedInterfaceOrientations = UIInterfaceOrientationPortrait;
				INFOPLIST_KEY_UISupportedInterfaceOrientations_iPad = "UIInterfaceOrientationLandscapeLeft UIInterfaceOrientationLandscapeRight UIInterfaceOrientationPortrait UIInterfaceOrientationPortraitUpsideDown";
				IPHONEOS_DEPLOYMENT_TARGET = 16.0;
				LD_RUNPATH_SEARCH_PATHS = (
					"$(inherited)",
					"@executable_path/Frameworks",
				);
				MARKETING_VERSION = 1.0;
				PRODUCT_BUNDLE_IDENTIFIER = com.iswift.NetworkLayer;
				PRODUCT_NAME = "$(TARGET_NAME)";
				SUPPORTED_PLATFORMS = "iphoneos iphonesimulator";
				SUPPORTS_MACCATALYST = NO;
				SUPPORTS_MAC_DESIGNED_FOR_IPHONE_IPAD = NO;
				SUPPORTS_XR_DESIGNED_FOR_IPHONE_IPAD = NO;
				SWIFT_EMIT_LOC_STRINGS = YES;
				SWIFT_VERSION = 5.0;
				TARGETED_DEVICE_FAMILY = 1;
			};
			name = Debug;
		};
		537E52232C2E90C000B8F12A /* Release */ = {
			isa = XCBuildConfiguration;
			buildSettings = {
				ASSETCATALOG_COMPILER_APPICON_NAME = AppIcon;
				ASSETCATALOG_COMPILER_GLOBAL_ACCENT_COLOR_NAME = AccentColor;
				CODE_SIGN_STYLE = Automatic;
				CURRENT_PROJECT_VERSION = 1;
				DEVELOPMENT_ASSET_PATHS = "\"NetworkLayer/Preview Content\"";
				DEVELOPMENT_TEAM = EJGCGKY84H;
				ENABLE_PREVIEWS = YES;
				GENERATE_INFOPLIST_FILE = YES;
				INFOPLIST_KEY_UIApplicationSceneManifest_Generation = YES;
				INFOPLIST_KEY_UIApplicationSupportsIndirectInputEvents = YES;
				INFOPLIST_KEY_UILaunchScreen_Generation = YES;
				INFOPLIST_KEY_UISupportedInterfaceOrientations = UIInterfaceOrientationPortrait;
				INFOPLIST_KEY_UISupportedInterfaceOrientations_iPad = "UIInterfaceOrientationLandscapeLeft UIInterfaceOrientationLandscapeRight UIInterfaceOrientationPortrait UIInterfaceOrientationPortraitUpsideDown";
				IPHONEOS_DEPLOYMENT_TARGET = 16.0;
				LD_RUNPATH_SEARCH_PATHS = (
					"$(inherited)",
					"@executable_path/Frameworks",
				);
				MARKETING_VERSION = 1.0;
				PRODUCT_BUNDLE_IDENTIFIER = com.iswift.NetworkLayer;
				PRODUCT_NAME = "$(TARGET_NAME)";
				SUPPORTED_PLATFORMS = "iphoneos iphonesimulator";
				SUPPORTS_MACCATALYST = NO;
				SUPPORTS_MAC_DESIGNED_FOR_IPHONE_IPAD = NO;
				SUPPORTS_XR_DESIGNED_FOR_IPHONE_IPAD = NO;
				SWIFT_EMIT_LOC_STRINGS = YES;
				SWIFT_VERSION = 5.0;
				TARGETED_DEVICE_FAMILY = 1;
			};
			name = Release;
		};
/* End XCBuildConfiguration section */

/* Begin XCConfigurationList section */
		537E520E2C2E90BD00B8F12A /* Build configuration list for PBXProject "NetworkLayer" */ = {
			isa = XCConfigurationList;
			buildConfigurations = (
				537E521F2C2E90C000B8F12A /* Debug */,
				537E52202C2E90C000B8F12A /* Release */,
			);
			defaultConfigurationIsVisible = 0;
			defaultConfigurationName = Release;
		};
		537E52212C2E90C000B8F12A /* Build configuration list for PBXNativeTarget "NetworkLayer" */ = {
			isa = XCConfigurationList;
			buildConfigurations = (
				537E52222C2E90C000B8F12A /* Debug */,
				537E52232C2E90C000B8F12A /* Release */,
			);
			defaultConfigurationIsVisible = 0;
			defaultConfigurationName = Release;
		};
/* End XCConfigurationList section */
	};
	rootObject = 537E520B2C2E90BD00B8F12A /* Project object */;
}
